
Microsoft Visual Studio Solution File, Format Version 12.00
# Visual Studio Version 17
VisualStudioVersion = 17.12.35527.113
MinimumVisualStudioVersion = 10.0.40219.1
Project("{FAE04EC0-301F-11D3-BF4B-00C04F79EFBC}") = "01_Program_Route", "01_Program_Route\01_Program_Route.csproj", "{B3CA2B05-D598-443C-9220-DF0B4C4064E0}"
EndProject
Project("{FAE04EC0-301F-11D3-BF4B-00C04F79EFBC}") = "02_ControllerToview", "..\02_ControllerToview\02_ControllerToview.csproj", "{044EEABC-31AA-4BBC-8781-1AACB3F73045}"
EndProject
Project("{FAE04EC0-301F-11D3-BF4B-00C04F79EFBC}") = "03_ViewToController", "..\ViewToController\03_ViewToController.csproj", "{F0E937BE-E476-4EBB-9E0A-ABB76437FEBA}"
EndProject
Project("{FAE04EC0-301F-11D3-BF4B-00C04F79EFBC}") = "04_ViewData_ViewBag_TempData", "..\04_ViewData_ViewBag_TempData\04_ViewData_ViewBag_TempData.csproj", "{A8041F38-034D-4449-837C-95F534314494}"
EndProject
Project("{FAE04EC0-301F-11D3-BF4B-00C04F79EFBC}") = "05_Html_Helpers", "..\05_Html_Helpers\05_Html_Helpers.csproj", "{A7095540-1C4E-41B5-87EA-7F38EDD5E934}"
EndProject
Project("{FAE04EC0-301F-11D3-BF4B-00C04F79EFBC}") = "06_Custom_Helpers", "..\06_Custom_Helpers\06_Custom_Helpers.csproj", "{5716909A-E681-4EC4-9630-B42E3A2110F6}"
EndProject
Project("{FAE04EC0-301F-11D3-BF4B-00C04F79EFBC}") = "07_View_Layout_PartialView", "07_View_Layout_PartialView\07_View_Layout_PartialView.csproj", "{3EE07A94-6D25-4036-AB65-F5331409917A}"
EndProject
Project("{FAE04EC0-301F-11D3-BF4B-00C04F79EFBC}") = "08_Render_Section_Nested", "..\08_Render_Section_Nested\08_Render_Section_Nested.csproj", "{438893D1-4790-48F9-A9BA-3DFF40F7F742}"
EndProject
Project("{FAE04EC0-301F-11D3-BF4B-00C04F79EFBC}") = "09_ModelsBinding", "09_ModelsBinding\09_ModelsBinding.csproj", "{4EDC48EC-91B3-41D8-9319-63692697D866}"
EndProject
Project("{FAE04EC0-301F-11D3-BF4B-00C04F79EFBC}") = "10_FluentValidation", "10_FluentValidation\10_FluentValidation.csproj", "{FDCAEA09-E376-4362-939A-04B1FDCA66F5}"
EndProject
Project("{FAE04EC0-301F-11D3-BF4B-00C04F79EFBC}") = "11_AutoMapper", "11_AutoMapper\11_AutoMapper.csproj", "{E3B8E1E2-34C8-48C2-B9ED-61208EE3C801}"
EndProject
Project("{FAE04EC0-301F-11D3-BF4B-00C04F79EFBC}") = "12_Dependecy_Injection", "12_Dependecy_Injection\12_Dependecy_Injection.csproj", "{DAB9F2C9-2B21-4447-BD66-CA5181A48874}"
EndProject
Project("{FAE04EC0-301F-11D3-BF4B-00C04F79EFBC}") = "13_LifeCycle", "13_LifeCycle\13_LifeCycle.csproj", "{59D2E2E4-BC24-42CF-9DF3-1C97CD545BD2}"
EndProject
Project("{FAE04EC0-301F-11D3-BF4B-00C04F79EFBC}") = "14_State_Management", "14_State_Management\14_State_Management.csproj", "{9BDAA636-37C7-439D-9DC1-9E115BE5B887}"
EndProject
Project("{FAE04EC0-301F-11D3-BF4B-00C04F79EFBC}") = "15_Middleware", "15_Middleware\15_Middleware.csproj", "{36312E91-6B18-467E-9DAD-FB7CE415D303}"
EndProject
Project("{FAE04EC0-301F-11D3-BF4B-00C04F79EFBC}") = "16_Filter_Operation", "16_Filter_Operation\16_Filter_Operation.csproj", "{0B17C46D-E0FD-4148-8FFF-24D9E559A41A}"
EndProject
Project("{FAE04EC0-301F-11D3-BF4B-00C04F79EFBC}") = "17_AdoNetExample", "17_AdoNetExample\17_AdoNetExample.csproj", "{5078B1FB-B713-4476-B2EA-4D2D43EBBD89}"
EndProject
Project("{FAE04EC0-301F-11D3-BF4B-00C04F79EFBC}") = "18_EntityFrameworkExample", "18_EntityFrameworkExample\18_EntityFrameworkExample.csproj", "{1D4B3284-5A04-43E9-A7D0-476EEA6F790E}"
EndProject
Global
	GlobalSection(SolutionConfigurationPlatforms) = preSolution
		Debug|Any CPU = Debug|Any CPU
		Release|Any CPU = Release|Any CPU
	EndGlobalSection
	GlobalSection(ProjectConfigurationPlatforms) = postSolution
		{B3CA2B05-D598-443C-9220-DF0B4C4064E0}.Debug|Any CPU.ActiveCfg = Debug|Any CPU
		{B3CA2B05-D598-443C-9220-DF0B4C4064E0}.Debug|Any CPU.Build.0 = Debug|Any CPU
		{B3CA2B05-D598-443C-9220-DF0B4C4064E0}.Release|Any CPU.ActiveCfg = Release|Any CPU
		{B3CA2B05-D598-443C-9220-DF0B4C4064E0}.Release|Any CPU.Build.0 = Release|Any CPU
		{044EEABC-31AA-4BBC-8781-1AACB3F73045}.Debug|Any CPU.ActiveCfg = Debug|Any CPU
		{044EEABC-31AA-4BBC-8781-1AACB3F73045}.Debug|Any CPU.Build.0 = Debug|Any CPU
		{044EEABC-31AA-4BBC-8781-1AACB3F73045}.Release|Any CPU.ActiveCfg = Release|Any CPU
		{044EEABC-31AA-4BBC-8781-1AACB3F73045}.Release|Any CPU.Build.0 = Release|Any CPU
		{F0E937BE-E476-4EBB-9E0A-ABB76437FEBA}.Debug|Any CPU.ActiveCfg = Debug|Any CPU
		{F0E937BE-E476-4EBB-9E0A-ABB76437FEBA}.Debug|Any CPU.Build.0 = Debug|Any CPU
		{F0E937BE-E476-4EBB-9E0A-ABB76437FEBA}.Release|Any CPU.ActiveCfg = Release|Any CPU
		{F0E937BE-E476-4EBB-9E0A-ABB76437FEBA}.Release|Any CPU.Build.0 = Release|Any CPU
		{A8041F38-034D-4449-837C-95F534314494}.Debug|Any CPU.ActiveCfg = Debug|Any CPU
		{A8041F38-034D-4449-837C-95F534314494}.Debug|Any CPU.Build.0 = Debug|Any CPU
		{A8041F38-034D-4449-837C-95F534314494}.Release|Any CPU.ActiveCfg = Release|Any CPU
		{A8041F38-034D-4449-837C-95F534314494}.Release|Any CPU.Build.0 = Release|Any CPU
		{A7095540-1C4E-41B5-87EA-7F38EDD5E934}.Debug|Any CPU.ActiveCfg = Debug|Any CPU
		{A7095540-1C4E-41B5-87EA-7F38EDD5E934}.Debug|Any CPU.Build.0 = Debug|Any CPU
		{A7095540-1C4E-41B5-87EA-7F38EDD5E934}.Release|Any CPU.ActiveCfg = Release|Any CPU
		{A7095540-1C4E-41B5-87EA-7F38EDD5E934}.Release|Any CPU.Build.0 = Release|Any CPU
		{5716909A-E681-4EC4-9630-B42E3A2110F6}.Debug|Any CPU.ActiveCfg = Debug|Any CPU
		{5716909A-E681-4EC4-9630-B42E3A2110F6}.Debug|Any CPU.Build.0 = Debug|Any CPU
		{5716909A-E681-4EC4-9630-B42E3A2110F6}.Release|Any CPU.ActiveCfg = Release|Any CPU
		{5716909A-E681-4EC4-9630-B42E3A2110F6}.Release|Any CPU.Build.0 = Release|Any CPU
		{3EE07A94-6D25-4036-AB65-F5331409917A}.Debug|Any CPU.ActiveCfg = Debug|Any CPU
		{3EE07A94-6D25-4036-AB65-F5331409917A}.Debug|Any CPU.Build.0 = Debug|Any CPU
		{3EE07A94-6D25-4036-AB65-F5331409917A}.Release|Any CPU.ActiveCfg = Release|Any CPU
		{3EE07A94-6D25-4036-AB65-F5331409917A}.Release|Any CPU.Build.0 = Release|Any CPU
		{438893D1-4790-48F9-A9BA-3DFF40F7F742}.Debug|Any CPU.ActiveCfg = Debug|Any CPU
		{438893D1-4790-48F9-A9BA-3DFF40F7F742}.Debug|Any CPU.Build.0 = Debug|Any CPU
		{438893D1-4790-48F9-A9BA-3DFF40F7F742}.Release|Any CPU.ActiveCfg = Release|Any CPU
		{438893D1-4790-48F9-A9BA-3DFF40F7F742}.Release|Any CPU.Build.0 = Release|Any CPU
		{4EDC48EC-91B3-41D8-9319-63692697D866}.Debug|Any CPU.ActiveCfg = Debug|Any CPU
		{4EDC48EC-91B3-41D8-9319-63692697D866}.Debug|Any CPU.Build.0 = Debug|Any CPU
		{4EDC48EC-91B3-41D8-9319-63692697D866}.Release|Any CPU.ActiveCfg = Release|Any CPU
		{4EDC48EC-91B3-41D8-9319-63692697D866}.Release|Any CPU.Build.0 = Release|Any CPU
		{FDCAEA09-E376-4362-939A-04B1FDCA66F5}.Debug|Any CPU.ActiveCfg = Debug|Any CPU
		{FDCAEA09-E376-4362-939A-04B1FDCA66F5}.Debug|Any CPU.Build.0 = Debug|Any CPU
		{FDCAEA09-E376-4362-939A-04B1FDCA66F5}.Release|Any CPU.ActiveCfg = Release|Any CPU
		{FDCAEA09-E376-4362-939A-04B1FDCA66F5}.Release|Any CPU.Build.0 = Release|Any CPU
		{E3B8E1E2-34C8-48C2-B9ED-61208EE3C801}.Debug|Any CPU.ActiveCfg = Debug|Any CPU
		{E3B8E1E2-34C8-48C2-B9ED-61208EE3C801}.Debug|Any CPU.Build.0 = Debug|Any CPU
		{E3B8E1E2-34C8-48C2-B9ED-61208EE3C801}.Release|Any CPU.ActiveCfg = Release|Any CPU
		{E3B8E1E2-34C8-48C2-B9ED-61208EE3C801}.Release|Any CPU.Build.0 = Release|Any CPU
		{DAB9F2C9-2B21-4447-BD66-CA5181A48874}.Debug|Any CPU.ActiveCfg = Debug|Any CPU
		{DAB9F2C9-2B21-4447-BD66-CA5181A48874}.Debug|Any CPU.Build.0 = Debug|Any CPU
		{DAB9F2C9-2B21-4447-BD66-CA5181A48874}.Release|Any CPU.ActiveCfg = Release|Any CPU
		{DAB9F2C9-2B21-4447-BD66-CA5181A48874}.Release|Any CPU.Build.0 = Release|Any CPU
		{59D2E2E4-BC24-42CF-9DF3-1C97CD545BD2}.Debug|Any CPU.ActiveCfg = Debug|Any CPU
		{59D2E2E4-BC24-42CF-9DF3-1C97CD545BD2}.Debug|Any CPU.Build.0 = Debug|Any CPU
		{59D2E2E4-BC24-42CF-9DF3-1C97CD545BD2}.Release|Any CPU.ActiveCfg = Release|Any CPU
		{59D2E2E4-BC24-42CF-9DF3-1C97CD545BD2}.Release|Any CPU.Build.0 = Release|Any CPU
		{9BDAA636-37C7-439D-9DC1-9E115BE5B887}.Debug|Any CPU.ActiveCfg = Debug|Any CPU
		{9BDAA636-37C7-439D-9DC1-9E115BE5B887}.Debug|Any CPU.Build.0 = Debug|Any CPU
		{9BDAA636-37C7-439D-9DC1-9E115BE5B887}.Release|Any CPU.ActiveCfg = Release|Any CPU
		{9BDAA636-37C7-439D-9DC1-9E115BE5B887}.Release|Any CPU.Build.0 = Release|Any CPU
		{36312E91-6B18-467E-9DAD-FB7CE415D303}.Debug|Any CPU.ActiveCfg = Debug|Any CPU
		{36312E91-6B18-467E-9DAD-FB7CE415D303}.Debug|Any CPU.Build.0 = Debug|Any CPU
		{36312E91-6B18-467E-9DAD-FB7CE415D303}.Release|Any CPU.ActiveCfg = Release|Any CPU
		{36312E91-6B18-467E-9DAD-FB7CE415D303}.Release|Any CPU.Build.0 = Release|Any CPU
		{0B17C46D-E0FD-4148-8FFF-24D9E559A41A}.Debug|Any CPU.ActiveCfg = Debug|Any CPU
		{0B17C46D-E0FD-4148-8FFF-24D9E559A41A}.Debug|Any CPU.Build.0 = Debug|Any CPU
		{0B17C46D-E0FD-4148-8FFF-24D9E559A41A}.Release|Any CPU.ActiveCfg = Release|Any CPU
		{0B17C46D-E0FD-4148-8FFF-24D9E559A41A}.Release|Any CPU.Build.0 = Release|Any CPU
		{5078B1FB-B713-4476-B2EA-4D2D43EBBD89}.Debug|Any CPU.ActiveCfg = Debug|Any CPU
		{5078B1FB-B713-4476-B2EA-4D2D43EBBD89}.Debug|Any CPU.Build.0 = Debug|Any CPU
		{5078B1FB-B713-4476-B2EA-4D2D43EBBD89}.Release|Any CPU.ActiveCfg = Release|Any CPU
		{5078B1FB-B713-4476-B2EA-4D2D43EBBD89}.Release|Any CPU.Build.0 = Release|Any CPU
		{1D4B3284-5A04-43E9-A7D0-476EEA6F790E}.Debug|Any CPU.ActiveCfg = Debug|Any CPU
		{1D4B3284-5A04-43E9-A7D0-476EEA6F790E}.Debug|Any CPU.Build.0 = Debug|Any CPU
		{1D4B3284-5A04-43E9-A7D0-476EEA6F790E}.Release|Any CPU.ActiveCfg = Release|Any CPU
		{1D4B3284-5A04-43E9-A7D0-476EEA6F790E}.Release|Any CPU.Build.0 = Release|Any CPU
	EndGlobalSection
	GlobalSection(SolutionProperties) = preSolution
		HideSolutionNode = FALSE
	EndGlobalSection
EndGlobal
