
Microsoft Visual Studio Solution File, Format Version 12.00
# Visual Studio Version 17
VisualStudioVersion = 17.12.35527.113 d17.12
MinimumVisualStudioVersion = 10.0.40219.1
Project("{FAE04EC0-301F-11D3-BF4B-00C04F79EFBC}") = "01_Program_Route", "01_Program_Route\01_Program_Route.csproj", "{B3CA2B05-D598-443C-9220-DF0B4C4064E0}"
EndProject
Project("{FAE04EC0-301F-11D3-BF4B-00C04F79EFBC}") = "02_ControllerToview", "..\02_ControllerToview\02_ControllerToview.csproj", "{044EEABC-31AA-4BBC-8781-1AACB3F73045}"
EndProject
Global
	GlobalSection(SolutionConfigurationPlatforms) = preSolution
		Debug|Any CPU = Debug|Any CPU
		Release|Any CPU = Release|Any CPU
	EndGlobalSection
	GlobalSection(ProjectConfigurationPlatforms) = postSolution
		{B3CA2B05-D598-443C-9220-DF0B4C4064E0}.Debug|Any CPU.ActiveCfg = Debug|Any CPU
		{B3CA2B05-D598-443C-9220-DF0B4C4064E0}.Debug|Any CPU.Build.0 = Debug|Any CPU
		{B3CA2B05-D598-443C-9220-DF0B4C4064E0}.Release|Any CPU.ActiveCfg = Release|Any CPU
		{B3CA2B05-D598-443C-9220-DF0B4C4064E0}.Release|Any CPU.Build.0 = Release|Any CPU
		{044EEABC-31AA-4BBC-8781-1AACB3F73045}.Debug|Any CPU.ActiveCfg = Debug|Any CPU
		{044EEABC-31AA-4BBC-8781-1AACB3F73045}.Debug|Any CPU.Build.0 = Debug|Any CPU
		{044EEABC-31AA-4BBC-8781-1AACB3F73045}.Release|Any CPU.ActiveCfg = Release|Any CPU
		{044EEABC-31AA-4BBC-8781-1AACB3F73045}.Release|Any CPU.Build.0 = Release|Any CPU
	EndGlobalSection
	GlobalSection(SolutionProperties) = preSolution
		HideSolutionNode = FALSE
	EndGlobalSection
EndGlobal
